
Microsoft Visual Studio Solution File, Format Version 12.00
# Visual Studio Version 16
VisualStudioVersion = 16.0.31025.194
MinimumVisualStudioVersion = 10.0.40219.1
Project("{FAE04EC0-301F-11D3-BF4B-00C04F79EFBC}") = "FlightCheckin", "FlightCheckin\FlightCheckin.csproj", "{EC1908EF-44A0-4BD6-95F5-9D2367140E79}"
EndProject
Global
	GlobalSection(SolutionConfigurationPlatforms) = preSolution
		Debug|Any CPU = Debug|Any CPU
		Release|Any CPU = Release|Any CPU
	EndGlobalSection
	GlobalSection(ProjectConfigurationPlatforms) = postSolution
		{EC1908EF-44A0-4BD6-95F5-9D2367140E79}.Debug|Any CPU.ActiveCfg = Debug|Any CPU
		{EC1908EF-44A0-4BD6-95F5-9D2367140E79}.Debug|Any CPU.Build.0 = Debug|Any CPU
		{EC1908EF-44A0-4BD6-95F5-9D2367140E79}.Release|Any CPU.ActiveCfg = Release|Any CPU
		{EC1908EF-44A0-4BD6-95F5-9D2367140E79}.Release|Any CPU.Build.0 = Release|Any CPU
	EndGlobalSection
	GlobalSection(SolutionProperties) = preSolution
		HideSolutionNode = FALSE
	EndGlobalSection
	GlobalSection(ExtensibilityGlobals) = postSolution
		SolutionGuid = {94EBCD69-27BB-4169-93AA-35AA82F0DE7B}
	EndGlobalSection
EndGlobal
