
Microsoft Visual Studio Solution File, Format Version 12.00
# Visual Studio Version 16
VisualStudioVersion = 16.0.31005.135
MinimumVisualStudioVersion = 10.0.40219.1
Project("{9A19103F-16F7-4668-BE54-9A1E7A4F7556}") = "HW.07.Task1", "HW.07.Task1\HW.07.Task1.csproj", "{5BE368D8-B484-4824-BCB4-C272859F55F0}"
EndProject
Project("{9A19103F-16F7-4668-BE54-9A1E7A4F7556}") = "HW.07.Task2", "HW.07.Task2\HW.07.Task2.csproj", "{4970A5DA-C805-4C02-9DD2-25D010761813}"
EndProject
Project("{9A19103F-16F7-4668-BE54-9A1E7A4F7556}") = "HW.07.Task3", "HW.07.Task3\HW.07.Task3.csproj", "{1797E7CE-8E80-4900-9321-A3DDA51523FF}"
EndProject
Project("{FAE04EC0-301F-11D3-BF4B-00C04F79EFBC}") = "HW.07.Task4", "HW.07.Task4\HW.07.Task4.csproj", "{CEF953E5-9C99-4766-A47F-89A3210D5633}"
EndProject
Global
	GlobalSection(SolutionConfigurationPlatforms) = preSolution
		Debug|Any CPU = Debug|Any CPU
		Release|Any CPU = Release|Any CPU
	EndGlobalSection
	GlobalSection(ProjectConfigurationPlatforms) = postSolution
		{5BE368D8-B484-4824-BCB4-C272859F55F0}.Debug|Any CPU.ActiveCfg = Debug|Any CPU
		{5BE368D8-B484-4824-BCB4-C272859F55F0}.Debug|Any CPU.Build.0 = Debug|Any CPU
		{5BE368D8-B484-4824-BCB4-C272859F55F0}.Release|Any CPU.ActiveCfg = Release|Any CPU
		{5BE368D8-B484-4824-BCB4-C272859F55F0}.Release|Any CPU.Build.0 = Release|Any CPU
		{4970A5DA-C805-4C02-9DD2-25D010761813}.Debug|Any CPU.ActiveCfg = Debug|Any CPU
		{4970A5DA-C805-4C02-9DD2-25D010761813}.Debug|Any CPU.Build.0 = Debug|Any CPU
		{4970A5DA-C805-4C02-9DD2-25D010761813}.Release|Any CPU.ActiveCfg = Release|Any CPU
		{4970A5DA-C805-4C02-9DD2-25D010761813}.Release|Any CPU.Build.0 = Release|Any CPU
		{1797E7CE-8E80-4900-9321-A3DDA51523FF}.Debug|Any CPU.ActiveCfg = Debug|Any CPU
		{1797E7CE-8E80-4900-9321-A3DDA51523FF}.Debug|Any CPU.Build.0 = Debug|Any CPU
		{1797E7CE-8E80-4900-9321-A3DDA51523FF}.Release|Any CPU.ActiveCfg = Release|Any CPU
		{1797E7CE-8E80-4900-9321-A3DDA51523FF}.Release|Any CPU.Build.0 = Release|Any CPU
		{CEF953E5-9C99-4766-A47F-89A3210D5633}.Debug|Any CPU.ActiveCfg = Debug|Any CPU
		{CEF953E5-9C99-4766-A47F-89A3210D5633}.Debug|Any CPU.Build.0 = Debug|Any CPU
		{CEF953E5-9C99-4766-A47F-89A3210D5633}.Release|Any CPU.ActiveCfg = Release|Any CPU
		{CEF953E5-9C99-4766-A47F-89A3210D5633}.Release|Any CPU.Build.0 = Release|Any CPU
	EndGlobalSection
	GlobalSection(SolutionProperties) = preSolution
		HideSolutionNode = FALSE
	EndGlobalSection
	GlobalSection(ExtensibilityGlobals) = postSolution
		SolutionGuid = {DC32AFAB-A788-48A6-AD1B-F8AFC67B84AE}
	EndGlobalSection
EndGlobal
