
Microsoft Visual Studio Solution File, Format Version 12.00
# Visual Studio Version 16
VisualStudioVersion = 16.0.31112.23
MinimumVisualStudioVersion = 10.0.40219.1
Project("{FAE04EC0-301F-11D3-BF4B-00C04F79EFBC}") = "Task1", "Task1\Task1.csproj", "{0159B9F4-118C-46B7-B0EA-677FF2150430}"
EndProject
Global
	GlobalSection(SolutionConfigurationPlatforms) = preSolution
		Debug|Any CPU = Debug|Any CPU
		Release|Any CPU = Release|Any CPU
	EndGlobalSection
	GlobalSection(ProjectConfigurationPlatforms) = postSolution
		{0159B9F4-118C-46B7-B0EA-677FF2150430}.Debug|Any CPU.ActiveCfg = Debug|Any CPU
		{0159B9F4-118C-46B7-B0EA-677FF2150430}.Debug|Any CPU.Build.0 = Debug|Any CPU
		{0159B9F4-118C-46B7-B0EA-677FF2150430}.Release|Any CPU.ActiveCfg = Release|Any CPU
		{0159B9F4-118C-46B7-B0EA-677FF2150430}.Release|Any CPU.Build.0 = Release|Any CPU
	EndGlobalSection
	GlobalSection(SolutionProperties) = preSolution
		HideSolutionNode = FALSE
	EndGlobalSection
	GlobalSection(ExtensibilityGlobals) = postSolution
		SolutionGuid = {87B19C94-0AFB-4CA7-A721-5EBD5B215756}
	EndGlobalSection
EndGlobal
